
Microsoft Visual Studio Solution File, Format Version 12.00
# Visual Studio 14
VisualStudioVersion = 14.0.23107.0
MinimumVisualStudioVersion = 10.0.40219.1
Project("{FAE04EC0-301F-11D3-BF4B-00C04F79EFBC}") = "CoffeeShop", "CoffeeShop\CoffeeShop.csproj", "{89F9CB7E-1D90-4ABD-82E4-8485BC0CC4D9}"
EndProject
Project("{FAE04EC0-301F-11D3-BF4B-00C04F79EFBC}") = "TestSuite", "TestSuite\TestSuite.csproj", "{B45051B3-15FC-4486-B4C7-2B87CF530702}"
EndProject
Project("{FAE04EC0-301F-11D3-BF4B-00C04F79EFBC}") = "CoffeeForms", "CoffeeForms\CoffeeForms.csproj", "{72EE9FFB-6016-43EC-9C7B-77AE031C6ADA}"
EndProject
Global
	GlobalSection(SolutionConfigurationPlatforms) = preSolution
		Debug|Any CPU = Debug|Any CPU
		Release|Any CPU = Release|Any CPU
	EndGlobalSection
	GlobalSection(ProjectConfigurationPlatforms) = postSolution
		{89F9CB7E-1D90-4ABD-82E4-8485BC0CC4D9}.Debug|Any CPU.ActiveCfg = Debug|Any CPU
		{89F9CB7E-1D90-4ABD-82E4-8485BC0CC4D9}.Debug|Any CPU.Build.0 = Debug|Any CPU
		{89F9CB7E-1D90-4ABD-82E4-8485BC0CC4D9}.Release|Any CPU.ActiveCfg = Release|Any CPU
		{89F9CB7E-1D90-4ABD-82E4-8485BC0CC4D9}.Release|Any CPU.Build.0 = Release|Any CPU
		{B45051B3-15FC-4486-B4C7-2B87CF530702}.Debug|Any CPU.ActiveCfg = Debug|Any CPU
		{B45051B3-15FC-4486-B4C7-2B87CF530702}.Debug|Any CPU.Build.0 = Debug|Any CPU
		{B45051B3-15FC-4486-B4C7-2B87CF530702}.Release|Any CPU.ActiveCfg = Release|Any CPU
		{B45051B3-15FC-4486-B4C7-2B87CF530702}.Release|Any CPU.Build.0 = Release|Any CPU
		{72EE9FFB-6016-43EC-9C7B-77AE031C6ADA}.Debug|Any CPU.ActiveCfg = Debug|Any CPU
		{72EE9FFB-6016-43EC-9C7B-77AE031C6ADA}.Debug|Any CPU.Build.0 = Debug|Any CPU
		{72EE9FFB-6016-43EC-9C7B-77AE031C6ADA}.Release|Any CPU.ActiveCfg = Release|Any CPU
		{72EE9FFB-6016-43EC-9C7B-77AE031C6ADA}.Release|Any CPU.Build.0 = Release|Any CPU
	EndGlobalSection
	GlobalSection(SolutionProperties) = preSolution
		HideSolutionNode = FALSE
	EndGlobalSection
EndGlobal
